{
  "version": 4,
  "terraform_version": "1.9.3",
  "serial": 5,
  "lineage": "17e52c8f-f10e-cbfc-3f50-98e5275fa211",
  "outputs": {},
  "resources": [
    {
      "module": "module.key_vault",
      "mode": "managed",
      "type": "azurerm_key_vault",
      "name": "example",
      "provider": "provider[\"registry.terraform.io/hashicorp/azurerm\"]",
      "instances": [
        {
          "status": "tainted",
          "schema_version": 2,
          "attributes": {
            "access_policy": null,
            "contact": [],
            "enable_rbac_authorization": null,
            "enabled_for_deployment": null,
            "enabled_for_disk_encryption": null,
            "enabled_for_template_deployment": null,
            "id": "/subscriptions/757cc467-951c-4c2d-9984-a0d91ab20714/resourceGroups/dev-my-resource-group/providers/Microsoft.KeyVault/vaults/dev-my-key-vault",
            "location": "westeurope",
            "name": "dev-my-key-vault",
            "network_acls": null,
            "public_network_access_enabled": true,
            "purge_protection_enabled": null,
            "resource_group_name": "dev-my-resource-group",
            "sku_name": "standard",
            "soft_delete_retention_days": 7,
            "tags": null,
            "tenant_id": "52351a5c-f840-4a8e-981a-45a6d6d3f82a",
            "timeouts": null,
            "vault_uri": null
          },
          "sensitive_attributes": [],
          "private": "eyJlMmJmYjczMC1lY2FhLTExZTYtOGY4OC0zNDM2M2JjN2M0YzAiOnsiY3JlYXRlIjoxODAwMDAwMDAwMDAwLCJkZWxldGUiOjE4MDAwMDAwMDAwMDAsInJlYWQiOjMwMDAwMDAwMDAwMCwidXBkYXRlIjoxODAwMDAwMDAwMDAwfSwic2NoZW1hX3ZlcnNpb24iOiIyIn0="
        }
      ]
    },
    {
      "module": "module.resource_group",
      "mode": "managed",
      "type": "azurerm_resource_group",
      "name": "resource_group",
      "provider": "provider[\"registry.terraform.io/hashicorp/azurerm\"]",
      "instances": [
        {
          "schema_version": 0,
          "attributes": {
            "id": "/subscriptions/757cc467-951c-4c2d-9984-a0d91ab20714/resourceGroups/dev-my-resource-group",
            "location": "westeurope",
            "managed_by": "",
            "name": "dev-my-resource-group",
            "tags": {
              "environment": "dev",
              "owner": "team"
            },
            "timeouts": null
          },
          "sensitive_attributes": [],
          "private": "eyJlMmJmYjczMC1lY2FhLTExZTYtOGY4OC0zNDM2M2JjN2M0YzAiOnsiY3JlYXRlIjo1NDAwMDAwMDAwMDAwLCJkZWxldGUiOjU0MDAwMDAwMDAwMDAsInJlYWQiOjMwMDAwMDAwMDAwMCwidXBkYXRlIjo1NDAwMDAwMDAwMDAwfX0="
        }
      ]
    }
  ],
  "check_results": null
}
